
Microsoft Visual Studio Solution File, Format Version 12.00
# Visual Studio Version 17
VisualStudioVersion = 17.13.35617.110 d17.13
MinimumVisualStudioVersion = 10.0.40219.1
Project("{FAE04EC0-301F-11D3-BF4B-00C04F79EFBC}") = "coupon-system", "coupon-system\coupon-system.csproj", "{B8AD2D0F-8883-4351-9F48-394429B29680}"
EndProject
Global
	GlobalSection(SolutionConfigurationPlatforms) = preSolution
		Debug|Any CPU = Debug|Any CPU
		Release|Any CPU = Release|Any CPU
	EndGlobalSection
	GlobalSection(ProjectConfigurationPlatforms) = postSolution
		{B8AD2D0F-8883-4351-9F48-394429B29680}.Debug|Any CPU.ActiveCfg = Debug|Any CPU
		{B8AD2D0F-8883-4351-9F48-394429B29680}.Debug|Any CPU.Build.0 = Debug|Any CPU
		{B8AD2D0F-8883-4351-9F48-394429B29680}.Release|Any CPU.ActiveCfg = Release|Any CPU
		{B8AD2D0F-8883-4351-9F48-394429B29680}.Release|Any CPU.Build.0 = Release|Any CPU
	EndGlobalSection
	GlobalSection(SolutionProperties) = preSolution
		HideSolutionNode = FALSE
	EndGlobalSection
	GlobalSection(ExtensibilityGlobals) = postSolution
		SolutionGuid = {748F33A8-A7DF-4E40-8DDB-BC54D1E87D7C}
	EndGlobalSection
EndGlobal
